
Microsoft Visual Studio Solution File, Format Version 12.00
# Visual Studio Version 17
VisualStudioVersion = 17.3.32922.545
MinimumVisualStudioVersion = 10.0.40219.1
Project("{FAE04EC0-301F-11D3-BF4B-00C04F79EFBC}") = "EliteOrderApp.Domain", "EliteOrderApp.Domain\EliteOrderApp.Domain.csproj", "{9FB9949E-F4CB-4BEB-9F4E-F98E8679DA3E}"
EndProject
Project("{FAE04EC0-301F-11D3-BF4B-00C04F79EFBC}") = "EliteOrderApp.Database", "EliteOrderApp.Database\EliteOrderApp.Database.csproj", "{65B80D51-E132-4785-A218-101F7687017E}"
EndProject
Project("{FAE04EC0-301F-11D3-BF4B-00C04F79EFBC}") = "EliteOrderApp.Web", "EliteOrderApp.Web\EliteOrderApp.Web.csproj", "{D7447B2D-1B4B-4A89-96B2-1AC5050A7D4D}"
EndProject
Global
	GlobalSection(SolutionConfigurationPlatforms) = preSolution
		Debug|Any CPU = Debug|Any CPU
		Release|Any CPU = Release|Any CPU
	EndGlobalSection
	GlobalSection(ProjectConfigurationPlatforms) = postSolution
		{9FB9949E-F4CB-4BEB-9F4E-F98E8679DA3E}.Debug|Any CPU.ActiveCfg = Debug|Any CPU
		{9FB9949E-F4CB-4BEB-9F4E-F98E8679DA3E}.Debug|Any CPU.Build.0 = Debug|Any CPU
		{9FB9949E-F4CB-4BEB-9F4E-F98E8679DA3E}.Release|Any CPU.ActiveCfg = Release|Any CPU
		{9FB9949E-F4CB-4BEB-9F4E-F98E8679DA3E}.Release|Any CPU.Build.0 = Release|Any CPU
		{65B80D51-E132-4785-A218-101F7687017E}.Debug|Any CPU.ActiveCfg = Debug|Any CPU
		{65B80D51-E132-4785-A218-101F7687017E}.Debug|Any CPU.Build.0 = Debug|Any CPU
		{65B80D51-E132-4785-A218-101F7687017E}.Release|Any CPU.ActiveCfg = Release|Any CPU
		{65B80D51-E132-4785-A218-101F7687017E}.Release|Any CPU.Build.0 = Release|Any CPU
		{D7447B2D-1B4B-4A89-96B2-1AC5050A7D4D}.Debug|Any CPU.ActiveCfg = Debug|Any CPU
		{D7447B2D-1B4B-4A89-96B2-1AC5050A7D4D}.Debug|Any CPU.Build.0 = Debug|Any CPU
		{D7447B2D-1B4B-4A89-96B2-1AC5050A7D4D}.Release|Any CPU.ActiveCfg = Release|Any CPU
		{D7447B2D-1B4B-4A89-96B2-1AC5050A7D4D}.Release|Any CPU.Build.0 = Release|Any CPU
	EndGlobalSection
	GlobalSection(SolutionProperties) = preSolution
		HideSolutionNode = FALSE
	EndGlobalSection
	GlobalSection(ExtensibilityGlobals) = postSolution
		SolutionGuid = {BE8846DC-78C5-4423-9D1A-456F5305136D}
	EndGlobalSection
EndGlobal
